// !$*UTF8*$!
{
	archiveVersion = 1;
	classes = {
	};
	objectVersion = 56;
	objects = {

/* Begin PBXBuildFile section */
		0CBF07323DB204A771A4B935 /* Pods_SportsWorld_SportsWorldUITests.framework in Frameworks */ = {isa = PBXBuildFile; fileRef = B6C3ADB7CD11B6CBED88CAAF /* Pods_SportsWorld_SportsWorldUITests.framework */; };
		26BE0C1F2C6DEFFA00C332C6 /* LeaguesViewController.swift in Sources */ = {isa = PBXBuildFile; fileRef = 26BE0C1E2C6DEFFA00C332C6 /* LeaguesViewController.swift */; };
		26CDA1B52C6AC2AA00C075BA /* CoreDataManager.swift in Sources */ = {isa = PBXBuildFile; fileRef = 26CDA1B42C6AC2AA00C075BA /* CoreDataManager.swift */; };
		26CDA1B72C6ACB8000C075BA /* League.swift in Sources */ = {isa = PBXBuildFile; fileRef = 26CDA1B62C6ACB8000C075BA /* League.swift */; };
		26CDA1C52C6BB31400C075BA /* SportsCollectionViewController.swift in Sources */ = {isa = PBXBuildFile; fileRef = 26CDA1C42C6BB31400C075BA /* SportsCollectionViewController.swift */; };
		26CDA1D72C6C0FDA00C075BA /* LeaguesViewModel.swift in Sources */ = {isa = PBXBuildFile; fileRef = 26CDA1D62C6C0FDA00C075BA /* LeaguesViewModel.swift */; };
		26CDA1DA2C6C161400C075BA /* Leagues.swift in Sources */ = {isa = PBXBuildFile; fileRef = 26CDA1D92C6C161400C075BA /* Leagues.swift */; };
		62DA3B338327CD49BD065CA8 /* Pods_SportsWorldTests.framework in Frameworks */ = {isa = PBXBuildFile; fileRef = 6FF858110C68816AA44F8111 /* Pods_SportsWorldTests.framework */; };
		98D4467576D7608A6ACFEA65 /* Pods_SportsWorld.framework in Frameworks */ = {isa = PBXBuildFile; fileRef = F5B8E2037827BB8FA78C6034 /* Pods_SportsWorld.framework */; };
		F802BABF2C6D006900E2217C /* UpcomingCollectionViewCell.swift in Sources */ = {isa = PBXBuildFile; fileRef = F802BABE2C6D006900E2217C /* UpcomingCollectionViewCell.swift */; };
		F802BAC12C6D00AA00E2217C /* LatestCollectionViewCell.swift in Sources */ = {isa = PBXBuildFile; fileRef = F802BAC02C6D00AA00E2217C /* LatestCollectionViewCell.swift */; };
		F802BAC32C6D00BE00E2217C /* TeamsCollectionViewCell.swift in Sources */ = {isa = PBXBuildFile; fileRef = F802BAC22C6D00BE00E2217C /* TeamsCollectionViewCell.swift */; };
		F81FF3BB2C6BDB56002280FE /* Match.swift in Sources */ = {isa = PBXBuildFile; fileRef = F81FF3BA2C6BDB56002280FE /* Match.swift */; };
		F81FF3BD2C6BE69E002280FE /* LDViewModel.swift in Sources */ = {isa = PBXBuildFile; fileRef = F81FF3BC2C6BE69E002280FE /* LDViewModel.swift */; };
		F81FF3BF2C6BE9DA002280FE /* Events.swift in Sources */ = {isa = PBXBuildFile; fileRef = F81FF3BE2C6BE9DA002280FE /* Events.swift */; };
		F81FF3C52C6C22B1002280FE /* Teams.swift in Sources */ = {isa = PBXBuildFile; fileRef = F81FF3C42C6C22B1002280FE /* Teams.swift */; };
		F81FF3C72C6C22C8002280FE /* TeamsViewModel.swift in Sources */ = {isa = PBXBuildFile; fileRef = F81FF3C62C6C22C8002280FE /* TeamsViewModel.swift */; };
		F81FF3C92C6C22E2002280FE /* TeamsViewController.swift in Sources */ = {isa = PBXBuildFile; fileRef = F81FF3C82C6C22E2002280FE /* TeamsViewController.swift */; };
		F845CF262C6CEE5D00352C8E /* PlayersTableViewCell.swift in Sources */ = {isa = PBXBuildFile; fileRef = F845CF242C6CEE5D00352C8E /* PlayersTableViewCell.swift */; };
		F845CF272C6CEE5D00352C8E /* PlayersTableViewCell.xib in Resources */ = {isa = PBXBuildFile; fileRef = F845CF252C6CEE5D00352C8E /* PlayersTableViewCell.xib */; };
		F84828F42C6AACE400AA8CFB /* AppDelegate.swift in Sources */ = {isa = PBXBuildFile; fileRef = F84828F32C6AACE400AA8CFB /* AppDelegate.swift */; };
		F84828F62C6AACE400AA8CFB /* SceneDelegate.swift in Sources */ = {isa = PBXBuildFile; fileRef = F84828F52C6AACE400AA8CFB /* SceneDelegate.swift */; };
		F84828F82C6AACE400AA8CFB /* ViewController.swift in Sources */ = {isa = PBXBuildFile; fileRef = F84828F72C6AACE400AA8CFB /* ViewController.swift */; };
		F84828FB2C6AACE400AA8CFB /* Main.storyboard in Resources */ = {isa = PBXBuildFile; fileRef = F84828F92C6AACE400AA8CFB /* Main.storyboard */; };
		F84828FE2C6AACE400AA8CFB /* SportsWorld.xcdatamodeld in Sources */ = {isa = PBXBuildFile; fileRef = F84828FC2C6AACE400AA8CFB /* SportsWorld.xcdatamodeld */; };
		F84829002C6AACE600AA8CFB /* Assets.xcassets in Resources */ = {isa = PBXBuildFile; fileRef = F84828FF2C6AACE600AA8CFB /* Assets.xcassets */; };
		F84829032C6AACE600AA8CFB /* LaunchScreen.storyboard in Resources */ = {isa = PBXBuildFile; fileRef = F84829012C6AACE600AA8CFB /* LaunchScreen.storyboard */; };
		F848290E2C6AACE700AA8CFB /* SportsWorldTests.swift in Sources */ = {isa = PBXBuildFile; fileRef = F848290D2C6AACE700AA8CFB /* SportsWorldTests.swift */; };
		F84829182C6AACE700AA8CFB /* SportsWorldUITests.swift in Sources */ = {isa = PBXBuildFile; fileRef = F84829172C6AACE700AA8CFB /* SportsWorldUITests.swift */; };
		F848291A2C6AACE700AA8CFB /* SportsWorldUITestsLaunchTests.swift in Sources */ = {isa = PBXBuildFile; fileRef = F84829192C6AACE700AA8CFB /* SportsWorldUITestsLaunchTests.swift */; };
		F848292E2C6AB40E00AA8CFB /* Network.swift in Sources */ = {isa = PBXBuildFile; fileRef = F848292D2C6AB40E00AA8CFB /* Network.swift */; };
		F84829302C6AB41B00AA8CFB /* URLManger.swift in Sources */ = {isa = PBXBuildFile; fileRef = F848292F2C6AB41B00AA8CFB /* URLManger.swift */; };
		F88A2B632C6B902400FEE275 /* NetworkProtocol.swift in Sources */ = {isa = PBXBuildFile; fileRef = F88A2B622C6B902400FEE275 /* NetworkProtocol.swift */; };
		F8D0F8382C6B851900D15366 /* LeagueDetailsViewController.swift in Sources */ = {isa = PBXBuildFile; fileRef = F8D0F8372C6B851900D15366 /* LeagueDetailsViewController.swift */; };
/* End PBXBuildFile section */

/* Begin PBXContainerItemProxy section */
		F848290A2C6AACE700AA8CFB /* PBXContainerItemProxy */ = {
			isa = PBXContainerItemProxy;
			containerPortal = F84828E82C6AACE400AA8CFB /* Project object */;
			proxyType = 1;
			remoteGlobalIDString = F84828EF2C6AACE400AA8CFB;
			remoteInfo = SportsWorld;
		};
		F84829142C6AACE700AA8CFB /* PBXContainerItemProxy */ = {
			isa = PBXContainerItemProxy;
			containerPortal = F84828E82C6AACE400AA8CFB /* Project object */;
			proxyType = 1;
			remoteGlobalIDString = F84828EF2C6AACE400AA8CFB;
			remoteInfo = SportsWorld;
		};
/* End PBXContainerItemProxy section */

/* Begin PBXFileReference section */
		26BE0C1E2C6DEFFA00C332C6 /* LeaguesViewController.swift */ = {isa = PBXFileReference; lastKnownFileType = sourcecode.swift; path = LeaguesViewController.swift; sourceTree = "<group>"; };
		26CDA1B42C6AC2AA00C075BA /* CoreDataManager.swift */ = {isa = PBXFileReference; lastKnownFileType = sourcecode.swift; path = CoreDataManager.swift; sourceTree = "<group>"; };
		26CDA1B62C6ACB8000C075BA /* League.swift */ = {isa = PBXFileReference; lastKnownFileType = sourcecode.swift; name = League.swift; path = SportsWorld/Model/League.swift; sourceTree = SOURCE_ROOT; };
		26CDA1C42C6BB31400C075BA /* SportsCollectionViewController.swift */ = {isa = PBXFileReference; lastKnownFileType = sourcecode.swift; path = SportsCollectionViewController.swift; sourceTree = "<group>"; };
		26CDA1D62C6C0FDA00C075BA /* LeaguesViewModel.swift */ = {isa = PBXFileReference; lastKnownFileType = sourcecode.swift; path = LeaguesViewModel.swift; sourceTree = "<group>"; };
		26CDA1D92C6C161400C075BA /* Leagues.swift */ = {isa = PBXFileReference; lastKnownFileType = sourcecode.swift; path = Leagues.swift; sourceTree = "<group>"; };
		6FF858110C68816AA44F8111 /* Pods_SportsWorldTests.framework */ = {isa = PBXFileReference; explicitFileType = wrapper.framework; includeInIndex = 0; path = Pods_SportsWorldTests.framework; sourceTree = BUILT_PRODUCTS_DIR; };
		954C696B8033F32551FD5EE8 /* Pods-SportsWorld.debug.xcconfig */ = {isa = PBXFileReference; includeInIndex = 1; lastKnownFileType = text.xcconfig; name = "Pods-SportsWorld.debug.xcconfig"; path = "Target Support Files/Pods-SportsWorld/Pods-SportsWorld.debug.xcconfig"; sourceTree = "<group>"; };
		B6C3ADB7CD11B6CBED88CAAF /* Pods_SportsWorld_SportsWorldUITests.framework */ = {isa = PBXFileReference; explicitFileType = wrapper.framework; includeInIndex = 0; path = Pods_SportsWorld_SportsWorldUITests.framework; sourceTree = BUILT_PRODUCTS_DIR; };
		BF05BCF16DB4B0CC7FBA8D2B /* Pods-SportsWorld-SportsWorldUITests.debug.xcconfig */ = {isa = PBXFileReference; includeInIndex = 1; lastKnownFileType = text.xcconfig; name = "Pods-SportsWorld-SportsWorldUITests.debug.xcconfig"; path = "Target Support Files/Pods-SportsWorld-SportsWorldUITests/Pods-SportsWorld-SportsWorldUITests.debug.xcconfig"; sourceTree = "<group>"; };
		CF88278C78DB33F03226F0D8 /* Pods-SportsWorld.release.xcconfig */ = {isa = PBXFileReference; includeInIndex = 1; lastKnownFileType = text.xcconfig; name = "Pods-SportsWorld.release.xcconfig"; path = "Target Support Files/Pods-SportsWorld/Pods-SportsWorld.release.xcconfig"; sourceTree = "<group>"; };
		D5DC31F5F8A69C76D3F58541 /* Pods-SportsWorldTests.debug.xcconfig */ = {isa = PBXFileReference; includeInIndex = 1; lastKnownFileType = text.xcconfig; name = "Pods-SportsWorldTests.debug.xcconfig"; path = "Target Support Files/Pods-SportsWorldTests/Pods-SportsWorldTests.debug.xcconfig"; sourceTree = "<group>"; };
		E9679DFB6973D5BCDDB4ADEC /* Pods-SportsWorldTests.release.xcconfig */ = {isa = PBXFileReference; includeInIndex = 1; lastKnownFileType = text.xcconfig; name = "Pods-SportsWorldTests.release.xcconfig"; path = "Target Support Files/Pods-SportsWorldTests/Pods-SportsWorldTests.release.xcconfig"; sourceTree = "<group>"; };
		F4BB6FE41B30EC2A97ACFF3B /* Pods-SportsWorld-SportsWorldUITests.release.xcconfig */ = {isa = PBXFileReference; includeInIndex = 1; lastKnownFileType = text.xcconfig; name = "Pods-SportsWorld-SportsWorldUITests.release.xcconfig"; path = "Target Support Files/Pods-SportsWorld-SportsWorldUITests/Pods-SportsWorld-SportsWorldUITests.release.xcconfig"; sourceTree = "<group>"; };
		F5B8E2037827BB8FA78C6034 /* Pods_SportsWorld.framework */ = {isa = PBXFileReference; explicitFileType = wrapper.framework; includeInIndex = 0; path = Pods_SportsWorld.framework; sourceTree = BUILT_PRODUCTS_DIR; };
		F802BABE2C6D006900E2217C /* UpcomingCollectionViewCell.swift */ = {isa = PBXFileReference; lastKnownFileType = sourcecode.swift; path = UpcomingCollectionViewCell.swift; sourceTree = "<group>"; };
		F802BAC02C6D00AA00E2217C /* LatestCollectionViewCell.swift */ = {isa = PBXFileReference; lastKnownFileType = sourcecode.swift; path = LatestCollectionViewCell.swift; sourceTree = "<group>"; };
		F802BAC22C6D00BE00E2217C /* TeamsCollectionViewCell.swift */ = {isa = PBXFileReference; lastKnownFileType = sourcecode.swift; path = TeamsCollectionViewCell.swift; sourceTree = "<group>"; };
		F81FF3BA2C6BDB56002280FE /* Match.swift */ = {isa = PBXFileReference; lastKnownFileType = sourcecode.swift; path = Match.swift; sourceTree = "<group>"; };
		F81FF3BC2C6BE69E002280FE /* LDViewModel.swift */ = {isa = PBXFileReference; lastKnownFileType = sourcecode.swift; path = LDViewModel.swift; sourceTree = "<group>"; };
		F81FF3BE2C6BE9DA002280FE /* Events.swift */ = {isa = PBXFileReference; lastKnownFileType = sourcecode.swift; path = Events.swift; sourceTree = "<group>"; };
		F81FF3C42C6C22B1002280FE /* Teams.swift */ = {isa = PBXFileReference; lastKnownFileType = sourcecode.swift; path = Teams.swift; sourceTree = "<group>"; };
		F81FF3C62C6C22C8002280FE /* TeamsViewModel.swift */ = {isa = PBXFileReference; lastKnownFileType = sourcecode.swift; path = TeamsViewModel.swift; sourceTree = "<group>"; };
		F81FF3C82C6C22E2002280FE /* TeamsViewController.swift */ = {isa = PBXFileReference; lastKnownFileType = sourcecode.swift; path = TeamsViewController.swift; sourceTree = "<group>"; };
		F845CF242C6CEE5D00352C8E /* PlayersTableViewCell.swift */ = {isa = PBXFileReference; lastKnownFileType = sourcecode.swift; path = PlayersTableViewCell.swift; sourceTree = "<group>"; };
		F845CF252C6CEE5D00352C8E /* PlayersTableViewCell.xib */ = {isa = PBXFileReference; lastKnownFileType = file.xib; path = PlayersTableViewCell.xib; sourceTree = "<group>"; };
		F84828F02C6AACE400AA8CFB /* SportsWorld.app */ = {isa = PBXFileReference; explicitFileType = wrapper.application; includeInIndex = 0; path = SportsWorld.app; sourceTree = BUILT_PRODUCTS_DIR; };
		F84828F32C6AACE400AA8CFB /* AppDelegate.swift */ = {isa = PBXFileReference; lastKnownFileType = sourcecode.swift; path = AppDelegate.swift; sourceTree = "<group>"; };
		F84828F52C6AACE400AA8CFB /* SceneDelegate.swift */ = {isa = PBXFileReference; lastKnownFileType = sourcecode.swift; path = SceneDelegate.swift; sourceTree = "<group>"; };
		F84828F72C6AACE400AA8CFB /* ViewController.swift */ = {isa = PBXFileReference; lastKnownFileType = sourcecode.swift; path = ViewController.swift; sourceTree = "<group>"; };
		F84828FA2C6AACE400AA8CFB /* Base */ = {isa = PBXFileReference; lastKnownFileType = file.storyboard; name = Base; path = Base.lproj/Main.storyboard; sourceTree = "<group>"; };
		F84828FD2C6AACE400AA8CFB /* SportsWorld.xcdatamodel */ = {isa = PBXFileReference; lastKnownFileType = wrapper.xcdatamodel; path = SportsWorld.xcdatamodel; sourceTree = "<group>"; };
		F84828FF2C6AACE600AA8CFB /* Assets.xcassets */ = {isa = PBXFileReference; lastKnownFileType = folder.assetcatalog; path = Assets.xcassets; sourceTree = "<group>"; };
		F84829022C6AACE600AA8CFB /* Base */ = {isa = PBXFileReference; lastKnownFileType = file.storyboard; name = Base; path = Base.lproj/LaunchScreen.storyboard; sourceTree = "<group>"; };
		F84829042C6AACE600AA8CFB /* Info.plist */ = {isa = PBXFileReference; lastKnownFileType = text.plist.xml; path = Info.plist; sourceTree = "<group>"; };
		F84829092C6AACE700AA8CFB /* SportsWorldTests.xctest */ = {isa = PBXFileReference; explicitFileType = wrapper.cfbundle; includeInIndex = 0; path = SportsWorldTests.xctest; sourceTree = BUILT_PRODUCTS_DIR; };
		F848290D2C6AACE700AA8CFB /* SportsWorldTests.swift */ = {isa = PBXFileReference; lastKnownFileType = sourcecode.swift; path = SportsWorldTests.swift; sourceTree = "<group>"; };
		F84829132C6AACE700AA8CFB /* SportsWorldUITests.xctest */ = {isa = PBXFileReference; explicitFileType = wrapper.cfbundle; includeInIndex = 0; path = SportsWorldUITests.xctest; sourceTree = BUILT_PRODUCTS_DIR; };
		F84829172C6AACE700AA8CFB /* SportsWorldUITests.swift */ = {isa = PBXFileReference; lastKnownFileType = sourcecode.swift; path = SportsWorldUITests.swift; sourceTree = "<group>"; };
		F84829192C6AACE700AA8CFB /* SportsWorldUITestsLaunchTests.swift */ = {isa = PBXFileReference; lastKnownFileType = sourcecode.swift; path = SportsWorldUITestsLaunchTests.swift; sourceTree = "<group>"; };
		F848292D2C6AB40E00AA8CFB /* Network.swift */ = {isa = PBXFileReference; fileEncoding = 4; lastKnownFileType = sourcecode.swift; path = Network.swift; sourceTree = "<group>"; };
		F848292F2C6AB41B00AA8CFB /* URLManger.swift */ = {isa = PBXFileReference; fileEncoding = 4; lastKnownFileType = sourcecode.swift; path = URLManger.swift; sourceTree = "<group>"; };
		F88A2B622C6B902400FEE275 /* NetworkProtocol.swift */ = {isa = PBXFileReference; lastKnownFileType = sourcecode.swift; path = NetworkProtocol.swift; sourceTree = "<group>"; };
		F8D0F8372C6B851900D15366 /* LeagueDetailsViewController.swift */ = {isa = PBXFileReference; lastKnownFileType = sourcecode.swift; path = LeagueDetailsViewController.swift; sourceTree = "<group>"; };
/* End PBXFileReference section */

/* Begin PBXFrameworksBuildPhase section */
		F84828ED2C6AACE400AA8CFB /* Frameworks */ = {
			isa = PBXFrameworksBuildPhase;
			buildActionMask = 2147483647;
			files = (
				98D4467576D7608A6ACFEA65 /* Pods_SportsWorld.framework in Frameworks */,
			);
			runOnlyForDeploymentPostprocessing = 0;
		};
		F84829062C6AACE700AA8CFB /* Frameworks */ = {
			isa = PBXFrameworksBuildPhase;
			buildActionMask = 2147483647;
			files = (
				62DA3B338327CD49BD065CA8 /* Pods_SportsWorldTests.framework in Frameworks */,
			);
			runOnlyForDeploymentPostprocessing = 0;
		};
		F84829102C6AACE700AA8CFB /* Frameworks */ = {
			isa = PBXFrameworksBuildPhase;
			buildActionMask = 2147483647;
			files = (
				0CBF07323DB204A771A4B935 /* Pods_SportsWorld_SportsWorldUITests.framework in Frameworks */,
			);
			runOnlyForDeploymentPostprocessing = 0;
		};
/* End PBXFrameworksBuildPhase section */

/* Begin PBXGroup section */
		26CDA1C02C6BB21E00C075BA /* Sports */ = {
			isa = PBXGroup;
			children = (
				26CDA1C32C6BB24E00C075BA /* Model */,
				26CDA1C22C6BB23000C075BA /* View */,
				26CDA1C12C6BB22700C075BA /* ViewModel */,
			);
			path = Sports;
			sourceTree = "<group>";
		};
		26CDA1C12C6BB22700C075BA /* ViewModel */ = {
			isa = PBXGroup;
			children = (
			);
			path = ViewModel;
			sourceTree = "<group>";
		};
		26CDA1C22C6BB23000C075BA /* View */ = {
			isa = PBXGroup;
			children = (
				26CDA1C42C6BB31400C075BA /* SportsCollectionViewController.swift */,
			);
			path = View;
			sourceTree = "<group>";
		};
		26CDA1C32C6BB24E00C075BA /* Model */ = {
			isa = PBXGroup;
			children = (
			);
			path = Model;
			sourceTree = "<group>";
		};
		26CDA1C62C6BB5D600C075BA /* Leagues */ = {
			isa = PBXGroup;
			children = (
				26CDA1C92C6BB5F100C075BA /* Model */,
				26CDA1C82C6BB5EB00C075BA /* View */,
				26CDA1C72C6BB5E300C075BA /* ViewModel */,
			);
			path = Leagues;
			sourceTree = "<group>";
		};
		26CDA1C72C6BB5E300C075BA /* ViewModel */ = {
			isa = PBXGroup;
			children = (
				26CDA1D62C6C0FDA00C075BA /* LeaguesViewModel.swift */,
			);
			path = ViewModel;
			sourceTree = "<group>";
		};
		26CDA1C82C6BB5EB00C075BA /* View */ = {
			isa = PBXGroup;
			children = (
				26BE0C1E2C6DEFFA00C332C6 /* LeaguesViewController.swift */,
			);
			path = View;
			sourceTree = "<group>";
		};
		26CDA1C92C6BB5F100C075BA /* Model */ = {
			isa = PBXGroup;
			children = (
			);
			path = Model;
			sourceTree = "<group>";
		};
		C7B0D4DB6B5A2DE0946AEF3E /* Frameworks */ = {
			isa = PBXGroup;
			children = (
				F5B8E2037827BB8FA78C6034 /* Pods_SportsWorld.framework */,
				B6C3ADB7CD11B6CBED88CAAF /* Pods_SportsWorld_SportsWorldUITests.framework */,
				6FF858110C68816AA44F8111 /* Pods_SportsWorldTests.framework */,
			);
			name = Frameworks;
			sourceTree = "<group>";
		};
		CAB77B6DF5C6C349C9C6B187 /* Pods */ = {
			isa = PBXGroup;
			children = (
				954C696B8033F32551FD5EE8 /* Pods-SportsWorld.debug.xcconfig */,
				CF88278C78DB33F03226F0D8 /* Pods-SportsWorld.release.xcconfig */,
				BF05BCF16DB4B0CC7FBA8D2B /* Pods-SportsWorld-SportsWorldUITests.debug.xcconfig */,
				F4BB6FE41B30EC2A97ACFF3B /* Pods-SportsWorld-SportsWorldUITests.release.xcconfig */,
				D5DC31F5F8A69C76D3F58541 /* Pods-SportsWorldTests.debug.xcconfig */,
				E9679DFB6973D5BCDDB4ADEC /* Pods-SportsWorldTests.release.xcconfig */,
			);
			path = Pods;
			sourceTree = "<group>";
		};
		F81FF3B92C6BDB3D002280FE /* Model */ = {
			isa = PBXGroup;
			children = (
				F81FF3BA2C6BDB56002280FE /* Match.swift */,
				F81FF3BE2C6BE9DA002280FE /* Events.swift */,
			);
			path = Model;
			sourceTree = "<group>";
		};
		F81FF3C02C6C2273002280FE /* League Teams */ = {
			isa = PBXGroup;
			children = (
				F81FF3C32C6C2295002280FE /* View Model */,
				F81FF3C22C6C228D002280FE /* View */,
				F81FF3C12C6C2282002280FE /* Model */,
			);
			path = "League Teams";
			sourceTree = "<group>";
		};
		F81FF3C12C6C2282002280FE /* Model */ = {
			isa = PBXGroup;
			children = (
				F81FF3C42C6C22B1002280FE /* Teams.swift */,
			);
			path = Model;
			sourceTree = "<group>";
		};
		F81FF3C22C6C228D002280FE /* View */ = {
			isa = PBXGroup;
			children = (
				F81FF3C82C6C22E2002280FE /* TeamsViewController.swift */,
			);
			path = View;
			sourceTree = "<group>";
		};
		F81FF3C32C6C2295002280FE /* View Model */ = {
			isa = PBXGroup;
			children = (
				F81FF3C62C6C22C8002280FE /* TeamsViewModel.swift */,
			);
			path = "View Model";
			sourceTree = "<group>";
		};
		F84828E72C6AACE400AA8CFB = {
			isa = PBXGroup;
			children = (
				F84828F22C6AACE400AA8CFB /* SportsWorld */,
				F848290C2C6AACE700AA8CFB /* SportsWorldTests */,
				F84829162C6AACE700AA8CFB /* SportsWorldUITests */,
				F84828F12C6AACE400AA8CFB /* Products */,
				CAB77B6DF5C6C349C9C6B187 /* Pods */,
				C7B0D4DB6B5A2DE0946AEF3E /* Frameworks */,
			);
			sourceTree = "<group>";
		};
		F84828F12C6AACE400AA8CFB /* Products */ = {
			isa = PBXGroup;
			children = (
				F84828F02C6AACE400AA8CFB /* SportsWorld.app */,
				F84829092C6AACE700AA8CFB /* SportsWorldTests.xctest */,
				F84829132C6AACE700AA8CFB /* SportsWorldUITests.xctest */,
			);
			name = Products;
			sourceTree = "<group>";
		};
		F84828F22C6AACE400AA8CFB /* SportsWorld */ = {
			isa = PBXGroup;
			children = (
				F84829272C6AAD0100AA8CFB /* Services */,
				F848292A2C6AAD1E00AA8CFB /* View */,
				F84829292C6AAD1300AA8CFB /* Model */,
				F84829282C6AAD0B00AA8CFB /* Modules */,
				F84828F32C6AACE400AA8CFB /* AppDelegate.swift */,
				F84828F52C6AACE400AA8CFB /* SceneDelegate.swift */,
				F84828F72C6AACE400AA8CFB /* ViewController.swift */,
				F84828FF2C6AACE600AA8CFB /* Assets.xcassets */,
				F84829042C6AACE600AA8CFB /* Info.plist */,
			);
			path = SportsWorld;
			sourceTree = "<group>";
		};
		F848290C2C6AACE700AA8CFB /* SportsWorldTests */ = {
			isa = PBXGroup;
			children = (
				F848290D2C6AACE700AA8CFB /* SportsWorldTests.swift */,
			);
			path = SportsWorldTests;
			sourceTree = "<group>";
		};
		F84829162C6AACE700AA8CFB /* SportsWorldUITests */ = {
			isa = PBXGroup;
			children = (
				F84829172C6AACE700AA8CFB /* SportsWorldUITests.swift */,
				F84829192C6AACE700AA8CFB /* SportsWorldUITestsLaunchTests.swift */,
			);
			path = SportsWorldUITests;
			sourceTree = "<group>";
		};
		F84829262C6AACF900AA8CFB /* DB */ = {
			isa = PBXGroup;
			children = (
				F84828FC2C6AACE400AA8CFB /* SportsWorld.xcdatamodeld */,
			);
			path = DB;
			sourceTree = "<group>";
		};
		F84829272C6AAD0100AA8CFB /* Services */ = {
			isa = PBXGroup;
			children = (
				F848292C2C6AAD3100AA8CFB /* Local */,
				F848292B2C6AAD2800AA8CFB /* Remote */,
			);
			path = Services;
			sourceTree = "<group>";
		};
		F84829282C6AAD0B00AA8CFB /* Modules */ = {
			isa = PBXGroup;
			children = (
				26CDA1C02C6BB21E00C075BA /* Sports */,
				26CDA1C62C6BB5D600C075BA /* Leagues */,
				F8D0F8352C6B84CD00D15366 /* League Details */,
				F81FF3C02C6C2273002280FE /* League Teams */,
			);
			path = Modules;
			sourceTree = "<group>";
		};
		F84829292C6AAD1300AA8CFB /* Model */ = {
			isa = PBXGroup;
			children = (
				26CDA1B62C6ACB8000C075BA /* League.swift */,
				26CDA1D92C6C161400C075BA /* Leagues.swift */,
			);
			path = Model;
			sourceTree = "<group>";
		};
		F848292A2C6AAD1E00AA8CFB /* View */ = {
			isa = PBXGroup;
			children = (
				F84829012C6AACE600AA8CFB /* LaunchScreen.storyboard */,
				F84828F92C6AACE400AA8CFB /* Main.storyboard */,
				F845CF242C6CEE5D00352C8E /* PlayersTableViewCell.swift */,
				F845CF252C6CEE5D00352C8E /* PlayersTableViewCell.xib */,
			);
			path = View;
			sourceTree = "<group>";
		};
		F848292B2C6AAD2800AA8CFB /* Remote */ = {
			isa = PBXGroup;
			children = (
				F848292D2C6AB40E00AA8CFB /* Network.swift */,
				F88A2B622C6B902400FEE275 /* NetworkProtocol.swift */,
				F848292F2C6AB41B00AA8CFB /* URLManger.swift */,
			);
			path = Remote;
			sourceTree = "<group>";
		};
		F848292C2C6AAD3100AA8CFB /* Local */ = {
			isa = PBXGroup;
			children = (
				F84829262C6AACF900AA8CFB /* DB */,
				26CDA1B42C6AC2AA00C075BA /* CoreDataManager.swift */,
			);
			path = Local;
			sourceTree = "<group>";
		};
		F8D0F8342C6B84A900D15366 /* View */ = {
			isa = PBXGroup;
			children = (
				F8D0F8372C6B851900D15366 /* LeagueDetailsViewController.swift */,
				F802BABE2C6D006900E2217C /* UpcomingCollectionViewCell.swift */,
				F802BAC02C6D00AA00E2217C /* LatestCollectionViewCell.swift */,
				F802BAC22C6D00BE00E2217C /* TeamsCollectionViewCell.swift */,
			);
			path = View;
			sourceTree = "<group>";
		};
		F8D0F8352C6B84CD00D15366 /* League Details */ = {
			isa = PBXGroup;
			children = (
				F81FF3B92C6BDB3D002280FE /* Model */,
				F8D0F8362C6B84E000D15366 /* View Model */,
				F8D0F8342C6B84A900D15366 /* View */,
			);
			path = "League Details";
			sourceTree = "<group>";
		};
		F8D0F8362C6B84E000D15366 /* View Model */ = {
			isa = PBXGroup;
			children = (
				F81FF3BC2C6BE69E002280FE /* LDViewModel.swift */,
			);
			path = "View Model";
			sourceTree = "<group>";
		};
/* End PBXGroup section */

/* Begin PBXNativeTarget section */
		F84828EF2C6AACE400AA8CFB /* SportsWorld */ = {
			isa = PBXNativeTarget;
			buildConfigurationList = F848291D2C6AACE700AA8CFB /* Build configuration list for PBXNativeTarget "SportsWorld" */;
			buildPhases = (
				AF1C31D67980BEE8D4139ADA /* [CP] Check Pods Manifest.lock */,
				F84828EC2C6AACE400AA8CFB /* Sources */,
				F84828ED2C6AACE400AA8CFB /* Frameworks */,
				F84828EE2C6AACE400AA8CFB /* Resources */,
				99DAB6908D15B9DF1B05BAB4 /* [CP] Embed Pods Frameworks */,
			);
			buildRules = (
			);
			dependencies = (
			);
			name = SportsWorld;
			productName = SportsWorld;
			productReference = F84828F02C6AACE400AA8CFB /* SportsWorld.app */;
			productType = "com.apple.product-type.application";
		};
		F84829082C6AACE700AA8CFB /* SportsWorldTests */ = {
			isa = PBXNativeTarget;
			buildConfigurationList = F84829202C6AACE700AA8CFB /* Build configuration list for PBXNativeTarget "SportsWorldTests" */;
			buildPhases = (
				F01C11A019B97686173D5CED /* [CP] Check Pods Manifest.lock */,
				F84829052C6AACE700AA8CFB /* Sources */,
				F84829062C6AACE700AA8CFB /* Frameworks */,
				F84829072C6AACE700AA8CFB /* Resources */,
			);
			buildRules = (
			);
			dependencies = (
				F848290B2C6AACE700AA8CFB /* PBXTargetDependency */,
			);
			name = SportsWorldTests;
			productName = SportsWorldTests;
			productReference = F84829092C6AACE700AA8CFB /* SportsWorldTests.xctest */;
			productType = "com.apple.product-type.bundle.unit-test";
		};
		F84829122C6AACE700AA8CFB /* SportsWorldUITests */ = {
			isa = PBXNativeTarget;
			buildConfigurationList = F84829232C6AACE700AA8CFB /* Build configuration list for PBXNativeTarget "SportsWorldUITests" */;
			buildPhases = (
				3D63734A35F924B157D1E925 /* [CP] Check Pods Manifest.lock */,
				F848290F2C6AACE700AA8CFB /* Sources */,
				F84829102C6AACE700AA8CFB /* Frameworks */,
				F84829112C6AACE700AA8CFB /* Resources */,
				D08A017B3004C40D86339CB8 /* [CP] Embed Pods Frameworks */,
			);
			buildRules = (
			);
			dependencies = (
				F84829152C6AACE700AA8CFB /* PBXTargetDependency */,
			);
			name = SportsWorldUITests;
			productName = SportsWorldUITests;
			productReference = F84829132C6AACE700AA8CFB /* SportsWorldUITests.xctest */;
			productType = "com.apple.product-type.bundle.ui-testing";
		};
/* End PBXNativeTarget section */

/* Begin PBXProject section */
		F84828E82C6AACE400AA8CFB /* Project object */ = {
			isa = PBXProject;
			attributes = {
				BuildIndependentTargetsInParallel = 1;
				LastSwiftUpdateCheck = 1430;
				LastUpgradeCheck = 1430;
				TargetAttributes = {
					F84828EF2C6AACE400AA8CFB = {
						CreatedOnToolsVersion = 14.3.1;
					};
					F84829082C6AACE700AA8CFB = {
						CreatedOnToolsVersion = 14.3.1;
						TestTargetID = F84828EF2C6AACE400AA8CFB;
					};
					F84829122C6AACE700AA8CFB = {
						CreatedOnToolsVersion = 14.3.1;
						TestTargetID = F84828EF2C6AACE400AA8CFB;
					};
				};
			};
			buildConfigurationList = F84828EB2C6AACE400AA8CFB /* Build configuration list for PBXProject "SportsWorld" */;
			compatibilityVersion = "Xcode 14.0";
			developmentRegion = en;
			hasScannedForEncodings = 0;
			knownRegions = (
				en,
				Base,
			);
			mainGroup = F84828E72C6AACE400AA8CFB;
			productRefGroup = F84828F12C6AACE400AA8CFB /* Products */;
			projectDirPath = "";
			projectRoot = "";
			targets = (
				F84828EF2C6AACE400AA8CFB /* SportsWorld */,
				F84829082C6AACE700AA8CFB /* SportsWorldTests */,
				F84829122C6AACE700AA8CFB /* SportsWorldUITests */,
			);
		};
/* End PBXProject section */

/* Begin PBXResourcesBuildPhase section */
		F84828EE2C6AACE400AA8CFB /* Resources */ = {
			isa = PBXResourcesBuildPhase;
			buildActionMask = 2147483647;
			files = (
				F845CF272C6CEE5D00352C8E /* PlayersTableViewCell.xib in Resources */,
				F84829032C6AACE600AA8CFB /* LaunchScreen.storyboard in Resources */,
				F84829002C6AACE600AA8CFB /* Assets.xcassets in Resources */,
				F84828FB2C6AACE400AA8CFB /* Main.storyboard in Resources */,
			);
			runOnlyForDeploymentPostprocessing = 0;
		};
		F84829072C6AACE700AA8CFB /* Resources */ = {
			isa = PBXResourcesBuildPhase;
			buildActionMask = 2147483647;
			files = (
			);
			runOnlyForDeploymentPostprocessing = 0;
		};
		F84829112C6AACE700AA8CFB /* Resources */ = {
			isa = PBXResourcesBuildPhase;
			buildActionMask = 2147483647;
			files = (
			);
			runOnlyForDeploymentPostprocessing = 0;
		};
/* End PBXResourcesBuildPhase section */

/* Begin PBXShellScriptBuildPhase section */
		3D63734A35F924B157D1E925 /* [CP] Check Pods Manifest.lock */ = {
			isa = PBXShellScriptBuildPhase;
			buildActionMask = 2147483647;
			files = (
			);
			inputFileListPaths = (
			);
			inputPaths = (
				"${PODS_PODFILE_DIR_PATH}/Podfile.lock",
				"${PODS_ROOT}/Manifest.lock",
			);
			name = "[CP] Check Pods Manifest.lock";
			outputFileListPaths = (
			);
			outputPaths = (
				"$(DERIVED_FILE_DIR)/Pods-SportsWorld-SportsWorldUITests-checkManifestLockResult.txt",
			);
			runOnlyForDeploymentPostprocessing = 0;
			shellPath = /bin/sh;
			shellScript = "diff \"${PODS_PODFILE_DIR_PATH}/Podfile.lock\" \"${PODS_ROOT}/Manifest.lock\" > /dev/null\nif [ $? != 0 ] ; then\n    # print error to STDERR\n    echo \"error: The sandbox is not in sync with the Podfile.lock. Run 'pod install' or update your CocoaPods installation.\" >&2\n    exit 1\nfi\n# This output is used by Xcode 'outputs' to avoid re-running this script phase.\necho \"SUCCESS\" > \"${SCRIPT_OUTPUT_FILE_0}\"\n";
			showEnvVarsInLog = 0;
		};
		99DAB6908D15B9DF1B05BAB4 /* [CP] Embed Pods Frameworks */ = {
			isa = PBXShellScriptBuildPhase;
			buildActionMask = 2147483647;
			files = (
			);
			inputFileListPaths = (
				"${PODS_ROOT}/Target Support Files/Pods-SportsWorld/Pods-SportsWorld-frameworks-${CONFIGURATION}-input-files.xcfilelist",
			);
			name = "[CP] Embed Pods Frameworks";
			outputFileListPaths = (
				"${PODS_ROOT}/Target Support Files/Pods-SportsWorld/Pods-SportsWorld-frameworks-${CONFIGURATION}-output-files.xcfilelist",
			);
			runOnlyForDeploymentPostprocessing = 0;
			shellPath = /bin/sh;
			shellScript = "\"${PODS_ROOT}/Target Support Files/Pods-SportsWorld/Pods-SportsWorld-frameworks.sh\"\n";
			showEnvVarsInLog = 0;
		};
		AF1C31D67980BEE8D4139ADA /* [CP] Check Pods Manifest.lock */ = {
			isa = PBXShellScriptBuildPhase;
			buildActionMask = 2147483647;
			files = (
			);
			inputFileListPaths = (
			);
			inputPaths = (
				"${PODS_PODFILE_DIR_PATH}/Podfile.lock",
				"${PODS_ROOT}/Manifest.lock",
			);
			name = "[CP] Check Pods Manifest.lock";
			outputFileListPaths = (
			);
			outputPaths = (
				"$(DERIVED_FILE_DIR)/Pods-SportsWorld-checkManifestLockResult.txt",
			);
			runOnlyForDeploymentPostprocessing = 0;
			shellPath = /bin/sh;
			shellScript = "diff \"${PODS_PODFILE_DIR_PATH}/Podfile.lock\" \"${PODS_ROOT}/Manifest.lock\" > /dev/null\nif [ $? != 0 ] ; then\n    # print error to STDERR\n    echo \"error: The sandbox is not in sync with the Podfile.lock. Run 'pod install' or update your CocoaPods installation.\" >&2\n    exit 1\nfi\n# This output is used by Xcode 'outputs' to avoid re-running this script phase.\necho \"SUCCESS\" > \"${SCRIPT_OUTPUT_FILE_0}\"\n";
			showEnvVarsInLog = 0;
		};
		D08A017B3004C40D86339CB8 /* [CP] Embed Pods Frameworks */ = {
			isa = PBXShellScriptBuildPhase;
			buildActionMask = 2147483647;
			files = (
			);
			inputFileListPaths = (
				"${PODS_ROOT}/Target Support Files/Pods-SportsWorld-SportsWorldUITests/Pods-SportsWorld-SportsWorldUITests-frameworks-${CONFIGURATION}-input-files.xcfilelist",
			);
			name = "[CP] Embed Pods Frameworks";
			outputFileListPaths = (
				"${PODS_ROOT}/Target Support Files/Pods-SportsWorld-SportsWorldUITests/Pods-SportsWorld-SportsWorldUITests-frameworks-${CONFIGURATION}-output-files.xcfilelist",
			);
			runOnlyForDeploymentPostprocessing = 0;
			shellPath = /bin/sh;
			shellScript = "\"${PODS_ROOT}/Target Support Files/Pods-SportsWorld-SportsWorldUITests/Pods-SportsWorld-SportsWorldUITests-frameworks.sh\"\n";
			showEnvVarsInLog = 0;
		};
		F01C11A019B97686173D5CED /* [CP] Check Pods Manifest.lock */ = {
			isa = PBXShellScriptBuildPhase;
			buildActionMask = 2147483647;
			files = (
			);
			inputFileListPaths = (
			);
			inputPaths = (
				"${PODS_PODFILE_DIR_PATH}/Podfile.lock",
				"${PODS_ROOT}/Manifest.lock",
			);
			name = "[CP] Check Pods Manifest.lock";
			outputFileListPaths = (
			);
			outputPaths = (
				"$(DERIVED_FILE_DIR)/Pods-SportsWorldTests-checkManifestLockResult.txt",
			);
			runOnlyForDeploymentPostprocessing = 0;
			shellPath = /bin/sh;
			shellScript = "diff \"${PODS_PODFILE_DIR_PATH}/Podfile.lock\" \"${PODS_ROOT}/Manifest.lock\" > /dev/null\nif [ $? != 0 ] ; then\n    # print error to STDERR\n    echo \"error: The sandbox is not in sync with the Podfile.lock. Run 'pod install' or update your CocoaPods installation.\" >&2\n    exit 1\nfi\n# This output is used by Xcode 'outputs' to avoid re-running this script phase.\necho \"SUCCESS\" > \"${SCRIPT_OUTPUT_FILE_0}\"\n";
			showEnvVarsInLog = 0;
		};
/* End PBXShellScriptBuildPhase section */

/* Begin PBXSourcesBuildPhase section */
		F84828EC2C6AACE400AA8CFB /* Sources */ = {
			isa = PBXSourcesBuildPhase;
			buildActionMask = 2147483647;
			files = (
				F81FF3C52C6C22B1002280FE /* Teams.swift in Sources */,
				F81FF3BF2C6BE9DA002280FE /* Events.swift in Sources */,
				F848292E2C6AB40E00AA8CFB /* Network.swift in Sources */,
				26CDA1D72C6C0FDA00C075BA /* LeaguesViewModel.swift in Sources */,
				26CDA1C52C6BB31400C075BA /* SportsCollectionViewController.swift in Sources */,
				F802BABF2C6D006900E2217C /* UpcomingCollectionViewCell.swift in Sources */,
				F84828F82C6AACE400AA8CFB /* ViewController.swift in Sources */,
				26CDA1B72C6ACB8000C075BA /* League.swift in Sources */,
				F84828F42C6AACE400AA8CFB /* AppDelegate.swift in Sources */,
				F81FF3C92C6C22E2002280FE /* TeamsViewController.swift in Sources */,
				F84828F62C6AACE400AA8CFB /* SceneDelegate.swift in Sources */,
				F81FF3C72C6C22C8002280FE /* TeamsViewModel.swift in Sources */,
				F802BAC32C6D00BE00E2217C /* TeamsCollectionViewCell.swift in Sources */,
				F88A2B632C6B902400FEE275 /* NetworkProtocol.swift in Sources */,
				F802BAC12C6D00AA00E2217C /* LatestCollectionViewCell.swift in Sources */,
				F84828FE2C6AACE400AA8CFB /* SportsWorld.xcdatamodeld in Sources */,
				F845CF262C6CEE5D00352C8E /* PlayersTableViewCell.swift in Sources */,
				F8D0F8382C6B851900D15366 /* LeagueDetailsViewController.swift in Sources */,
				F81FF3BD2C6BE69E002280FE /* LDViewModel.swift in Sources */,
				F81FF3BB2C6BDB56002280FE /* Match.swift in Sources */,
				26CDA1DA2C6C161400C075BA /* Leagues.swift in Sources */,
				26CDA1B52C6AC2AA00C075BA /* CoreDataManager.swift in Sources */,
				26BE0C1F2C6DEFFA00C332C6 /* LeaguesViewController.swift in Sources */,
				F84829302C6AB41B00AA8CFB /* URLManger.swift in Sources */,
			);
			runOnlyForDeploymentPostprocessing = 0;
		};
		F84829052C6AACE700AA8CFB /* Sources */ = {
			isa = PBXSourcesBuildPhase;
			buildActionMask = 2147483647;
			files = (
				F848290E2C6AACE700AA8CFB /* SportsWorldTests.swift in Sources */,
			);
			runOnlyForDeploymentPostprocessing = 0;
		};
		F848290F2C6AACE700AA8CFB /* Sources */ = {
			isa = PBXSourcesBuildPhase;
			buildActionMask = 2147483647;
			files = (
				F848291A2C6AACE700AA8CFB /* SportsWorldUITestsLaunchTests.swift in Sources */,
				F84829182C6AACE700AA8CFB /* SportsWorldUITests.swift in Sources */,
			);
			runOnlyForDeploymentPostprocessing = 0;
		};
/* End PBXSourcesBuildPhase section */

/* Begin PBXTargetDependency section */
		F848290B2C6AACE700AA8CFB /* PBXTargetDependency */ = {
			isa = PBXTargetDependency;
			target = F84828EF2C6AACE400AA8CFB /* SportsWorld */;
			targetProxy = F848290A2C6AACE700AA8CFB /* PBXContainerItemProxy */;
		};
		F84829152C6AACE700AA8CFB /* PBXTargetDependency */ = {
			isa = PBXTargetDependency;
			target = F84828EF2C6AACE400AA8CFB /* SportsWorld */;
			targetProxy = F84829142C6AACE700AA8CFB /* PBXContainerItemProxy */;
		};
/* End PBXTargetDependency section */

/* Begin PBXVariantGroup section */
		F84828F92C6AACE400AA8CFB /* Main.storyboard */ = {
			isa = PBXVariantGroup;
			children = (
				F84828FA2C6AACE400AA8CFB /* Base */,
			);
			name = Main.storyboard;
			sourceTree = "<group>";
		};
		F84829012C6AACE600AA8CFB /* LaunchScreen.storyboard */ = {
			isa = PBXVariantGroup;
			children = (
				F84829022C6AACE600AA8CFB /* Base */,
			);
			name = LaunchScreen.storyboard;
			sourceTree = "<group>";
		};
/* End PBXVariantGroup section */

/* Begin XCBuildConfiguration section */
		F848291B2C6AACE700AA8CFB /* Debug */ = {
			isa = XCBuildConfiguration;
			buildSettings = {
				ALWAYS_SEARCH_USER_PATHS = NO;
				CLANG_ANALYZER_NONNULL = YES;
				CLANG_ANALYZER_NUMBER_OBJECT_CONVERSION = YES_AGGRESSIVE;
				CLANG_CXX_LANGUAGE_STANDARD = "gnu++20";
				CLANG_ENABLE_MODULES = YES;
				CLANG_ENABLE_OBJC_ARC = YES;
				CLANG_ENABLE_OBJC_WEAK = YES;
				CLANG_WARN_BLOCK_CAPTURE_AUTORELEASING = YES;
				CLANG_WARN_BOOL_CONVERSION = YES;
				CLANG_WARN_COMMA = YES;
				CLANG_WARN_CONSTANT_CONVERSION = YES;
				CLANG_WARN_DEPRECATED_OBJC_IMPLEMENTATIONS = YES;
				CLANG_WARN_DIRECT_OBJC_ISA_USAGE = YES_ERROR;
				CLANG_WARN_DOCUMENTATION_COMMENTS = YES;
				CLANG_WARN_EMPTY_BODY = YES;
				CLANG_WARN_ENUM_CONVERSION = YES;
				CLANG_WARN_INFINITE_RECURSION = YES;
				CLANG_WARN_INT_CONVERSION = YES;
				CLANG_WARN_NON_LITERAL_NULL_CONVERSION = YES;
				CLANG_WARN_OBJC_IMPLICIT_RETAIN_SELF = YES;
				CLANG_WARN_OBJC_LITERAL_CONVERSION = YES;
				CLANG_WARN_OBJC_ROOT_CLASS = YES_ERROR;
				CLANG_WARN_QUOTED_INCLUDE_IN_FRAMEWORK_HEADER = YES;
				CLANG_WARN_RANGE_LOOP_ANALYSIS = YES;
				CLANG_WARN_STRICT_PROTOTYPES = YES;
				CLANG_WARN_SUSPICIOUS_MOVE = YES;
				CLANG_WARN_UNGUARDED_AVAILABILITY = YES_AGGRESSIVE;
				CLANG_WARN_UNREACHABLE_CODE = YES;
				CLANG_WARN__DUPLICATE_METHOD_MATCH = YES;
				COPY_PHASE_STRIP = NO;
				DEBUG_INFORMATION_FORMAT = dwarf;
				ENABLE_STRICT_OBJC_MSGSEND = YES;
				ENABLE_TESTABILITY = YES;
				GCC_C_LANGUAGE_STANDARD = gnu11;
				GCC_DYNAMIC_NO_PIC = NO;
				GCC_NO_COMMON_BLOCKS = YES;
				GCC_OPTIMIZATION_LEVEL = 0;
				GCC_PREPROCESSOR_DEFINITIONS = (
					"DEBUG=1",
					"$(inherited)",
				);
				GCC_WARN_64_TO_32_BIT_CONVERSION = YES;
				GCC_WARN_ABOUT_RETURN_TYPE = YES_ERROR;
				GCC_WARN_UNDECLARED_SELECTOR = YES;
				GCC_WARN_UNINITIALIZED_AUTOS = YES_AGGRESSIVE;
				GCC_WARN_UNUSED_FUNCTION = YES;
				GCC_WARN_UNUSED_VARIABLE = YES;
				IPHONEOS_DEPLOYMENT_TARGET = 16.4;
				MTL_ENABLE_DEBUG_INFO = INCLUDE_SOURCE;
				MTL_FAST_MATH = YES;
				ONLY_ACTIVE_ARCH = YES;
				SDKROOT = iphoneos;
				SWIFT_ACTIVE_COMPILATION_CONDITIONS = DEBUG;
				SWIFT_OPTIMIZATION_LEVEL = "-Onone";
			};
			name = Debug;
		};
		F848291C2C6AACE700AA8CFB /* Release */ = {
			isa = XCBuildConfiguration;
			buildSettings = {
				ALWAYS_SEARCH_USER_PATHS = NO;
				CLANG_ANALYZER_NONNULL = YES;
				CLANG_ANALYZER_NUMBER_OBJECT_CONVERSION = YES_AGGRESSIVE;
				CLANG_CXX_LANGUAGE_STANDARD = "gnu++20";
				CLANG_ENABLE_MODULES = YES;
				CLANG_ENABLE_OBJC_ARC = YES;
				CLANG_ENABLE_OBJC_WEAK = YES;
				CLANG_WARN_BLOCK_CAPTURE_AUTORELEASING = YES;
				CLANG_WARN_BOOL_CONVERSION = YES;
				CLANG_WARN_COMMA = YES;
				CLANG_WARN_CONSTANT_CONVERSION = YES;
				CLANG_WARN_DEPRECATED_OBJC_IMPLEMENTATIONS = YES;
				CLANG_WARN_DIRECT_OBJC_ISA_USAGE = YES_ERROR;
				CLANG_WARN_DOCUMENTATION_COMMENTS = YES;
				CLANG_WARN_EMPTY_BODY = YES;
				CLANG_WARN_ENUM_CONVERSION = YES;
				CLANG_WARN_INFINITE_RECURSION = YES;
				CLANG_WARN_INT_CONVERSION = YES;
				CLANG_WARN_NON_LITERAL_NULL_CONVERSION = YES;
				CLANG_WARN_OBJC_IMPLICIT_RETAIN_SELF = YES;
				CLANG_WARN_OBJC_LITERAL_CONVERSION = YES;
				CLANG_WARN_OBJC_ROOT_CLASS = YES_ERROR;
				CLANG_WARN_QUOTED_INCLUDE_IN_FRAMEWORK_HEADER = YES;
				CLANG_WARN_RANGE_LOOP_ANALYSIS = YES;
				CLANG_WARN_STRICT_PROTOTYPES = YES;
				CLANG_WARN_SUSPICIOUS_MOVE = YES;
				CLANG_WARN_UNGUARDED_AVAILABILITY = YES_AGGRESSIVE;
				CLANG_WARN_UNREACHABLE_CODE = YES;
				CLANG_WARN__DUPLICATE_METHOD_MATCH = YES;
				COPY_PHASE_STRIP = NO;
				DEBUG_INFORMATION_FORMAT = "dwarf-with-dsym";
				ENABLE_NS_ASSERTIONS = NO;
				ENABLE_STRICT_OBJC_MSGSEND = YES;
				GCC_C_LANGUAGE_STANDARD = gnu11;
				GCC_NO_COMMON_BLOCKS = YES;
				GCC_WARN_64_TO_32_BIT_CONVERSION = YES;
				GCC_WARN_ABOUT_RETURN_TYPE = YES_ERROR;
				GCC_WARN_UNDECLARED_SELECTOR = YES;
				GCC_WARN_UNINITIALIZED_AUTOS = YES_AGGRESSIVE;
				GCC_WARN_UNUSED_FUNCTION = YES;
				GCC_WARN_UNUSED_VARIABLE = YES;
				IPHONEOS_DEPLOYMENT_TARGET = 16.4;
				MTL_ENABLE_DEBUG_INFO = NO;
				MTL_FAST_MATH = YES;
				SDKROOT = iphoneos;
				SWIFT_COMPILATION_MODE = wholemodule;
				SWIFT_OPTIMIZATION_LEVEL = "-O";
				VALIDATE_PRODUCT = YES;
			};
			name = Release;
		};
		F848291E2C6AACE700AA8CFB /* Debug */ = {
			isa = XCBuildConfiguration;
			baseConfigurationReference = 954C696B8033F32551FD5EE8 /* Pods-SportsWorld.debug.xcconfig */;
			buildSettings = {
				ASSETCATALOG_COMPILER_APPICON_NAME = AppIcon;
				ASSETCATALOG_COMPILER_GLOBAL_ACCENT_COLOR_NAME = AccentColor;
				CODE_SIGN_STYLE = Automatic;
				CURRENT_PROJECT_VERSION = 1;
				GENERATE_INFOPLIST_FILE = YES;
				INFOPLIST_FILE = SportsWorld/Info.plist;
				INFOPLIST_KEY_UIApplicationSupportsIndirectInputEvents = YES;
				INFOPLIST_KEY_UILaunchStoryboardName = LaunchScreen;
				INFOPLIST_KEY_UIMainStoryboardFile = Main;
				INFOPLIST_KEY_UISupportedInterfaceOrientations_iPad = "UIInterfaceOrientationPortrait UIInterfaceOrientationPortraitUpsideDown UIInterfaceOrientationLandscapeLeft UIInterfaceOrientationLandscapeRight";
				INFOPLIST_KEY_UISupportedInterfaceOrientations_iPhone = "UIInterfaceOrientationPortrait UIInterfaceOrientationLandscapeLeft UIInterfaceOrientationLandscapeRight";
				LD_RUNPATH_SEARCH_PATHS = (
					"$(inherited)",
					"@executable_path/Frameworks",
				);
				MARKETING_VERSION = 1.0;
				PRODUCT_BUNDLE_IDENTIFIER = "iti-ocprogrammingcourse.SportsWorld";
				PRODUCT_NAME = "$(TARGET_NAME)";
				SWIFT_EMIT_LOC_STRINGS = YES;
				SWIFT_VERSION = 5.0;
				TARGETED_DEVICE_FAMILY = "1,2";
			};
			name = Debug;
		};
		F848291F2C6AACE700AA8CFB /* Release */ = {
			isa = XCBuildConfiguration;
			baseConfigurationReference = CF88278C78DB33F03226F0D8 /* Pods-SportsWorld.release.xcconfig */;
			buildSettings = {
				ASSETCATALOG_COMPILER_APPICON_NAME = AppIcon;
				ASSETCATALOG_COMPILER_GLOBAL_ACCENT_COLOR_NAME = AccentColor;
				CODE_SIGN_STYLE = Automatic;
				CURRENT_PROJECT_VERSION = 1;
				GENERATE_INFOPLIST_FILE = YES;
				INFOPLIST_FILE = SportsWorld/Info.plist;
				INFOPLIST_KEY_UIApplicationSupportsIndirectInputEvents = YES;
				INFOPLIST_KEY_UILaunchStoryboardName = LaunchScreen;
				INFOPLIST_KEY_UIMainStoryboardFile = Main;
				INFOPLIST_KEY_UISupportedInterfaceOrientations_iPad = "UIInterfaceOrientationPortrait UIInterfaceOrientationPortraitUpsideDown UIInterfaceOrientationLandscapeLeft UIInterfaceOrientationLandscapeRight";
				INFOPLIST_KEY_UISupportedInterfaceOrientations_iPhone = "UIInterfaceOrientationPortrait UIInterfaceOrientationLandscapeLeft UIInterfaceOrientationLandscapeRight";
				LD_RUNPATH_SEARCH_PATHS = (
					"$(inherited)",
					"@executable_path/Frameworks",
				);
				MARKETING_VERSION = 1.0;
				PRODUCT_BUNDLE_IDENTIFIER = "iti-ocprogrammingcourse.SportsWorld";
				PRODUCT_NAME = "$(TARGET_NAME)";
				SWIFT_EMIT_LOC_STRINGS = YES;
				SWIFT_VERSION = 5.0;
				TARGETED_DEVICE_FAMILY = "1,2";
			};
			name = Release;
		};
		F84829212C6AACE700AA8CFB /* Debug */ = {
			isa = XCBuildConfiguration;
			baseConfigurationReference = D5DC31F5F8A69C76D3F58541 /* Pods-SportsWorldTests.debug.xcconfig */;
			buildSettings = {
				ALWAYS_EMBED_SWIFT_STANDARD_LIBRARIES = YES;
				BUNDLE_LOADER = "$(TEST_HOST)";
				CODE_SIGN_STYLE = Automatic;
				CURRENT_PROJECT_VERSION = 1;
				GENERATE_INFOPLIST_FILE = YES;
				IPHONEOS_DEPLOYMENT_TARGET = 16.4;
				MARKETING_VERSION = 1.0;
				PRODUCT_BUNDLE_IDENTIFIER = "iti-ocprogrammingcourse.SportsWorldTests";
				PRODUCT_NAME = "$(TARGET_NAME)";
				SWIFT_EMIT_LOC_STRINGS = NO;
				SWIFT_VERSION = 5.0;
				TARGETED_DEVICE_FAMILY = "1,2";
				TEST_HOST = "$(BUILT_PRODUCTS_DIR)/SportsWorld.app/$(BUNDLE_EXECUTABLE_FOLDER_PATH)/SportsWorld";
			};
			name = Debug;
		};
		F84829222C6AACE700AA8CFB /* Release */ = {
			isa = XCBuildConfiguration;
			baseConfigurationReference = E9679DFB6973D5BCDDB4ADEC /* Pods-SportsWorldTests.release.xcconfig */;
			buildSettings = {
				ALWAYS_EMBED_SWIFT_STANDARD_LIBRARIES = YES;
				BUNDLE_LOADER = "$(TEST_HOST)";
				CODE_SIGN_STYLE = Automatic;
				CURRENT_PROJECT_VERSION = 1;
				GENERATE_INFOPLIST_FILE = YES;
				IPHONEOS_DEPLOYMENT_TARGET = 16.4;
				MARKETING_VERSION = 1.0;
				PRODUCT_BUNDLE_IDENTIFIER = "iti-ocprogrammingcourse.SportsWorldTests";
				PRODUCT_NAME = "$(TARGET_NAME)";
				SWIFT_EMIT_LOC_STRINGS = NO;
				SWIFT_VERSION = 5.0;
				TARGETED_DEVICE_FAMILY = "1,2";
				TEST_HOST = "$(BUILT_PRODUCTS_DIR)/SportsWorld.app/$(BUNDLE_EXECUTABLE_FOLDER_PATH)/SportsWorld";
			};
			name = Release;
		};
		F84829242C6AACE700AA8CFB /* Debug */ = {
			isa = XCBuildConfiguration;
			baseConfigurationReference = BF05BCF16DB4B0CC7FBA8D2B /* Pods-SportsWorld-SportsWorldUITests.debug.xcconfig */;
			buildSettings = {
				ALWAYS_EMBED_SWIFT_STANDARD_LIBRARIES = YES;
				CODE_SIGN_STYLE = Automatic;
				CURRENT_PROJECT_VERSION = 1;
				GENERATE_INFOPLIST_FILE = YES;
				MARKETING_VERSION = 1.0;
				PRODUCT_BUNDLE_IDENTIFIER = "iti-ocprogrammingcourse.SportsWorldUITests";
				PRODUCT_NAME = "$(TARGET_NAME)";
				SWIFT_EMIT_LOC_STRINGS = NO;
				SWIFT_VERSION = 5.0;
				TARGETED_DEVICE_FAMILY = "1,2";
				TEST_TARGET_NAME = SportsWorld;
			};
			name = Debug;
		};
		F84829252C6AACE700AA8CFB /* Release */ = {
			isa = XCBuildConfiguration;
			baseConfigurationReference = F4BB6FE41B30EC2A97ACFF3B /* Pods-SportsWorld-SportsWorldUITests.release.xcconfig */;
			buildSettings = {
				ALWAYS_EMBED_SWIFT_STANDARD_LIBRARIES = YES;
				CODE_SIGN_STYLE = Automatic;
				CURRENT_PROJECT_VERSION = 1;
				GENERATE_INFOPLIST_FILE = YES;
				MARKETING_VERSION = 1.0;
				PRODUCT_BUNDLE_IDENTIFIER = "iti-ocprogrammingcourse.SportsWorldUITests";
				PRODUCT_NAME = "$(TARGET_NAME)";
				SWIFT_EMIT_LOC_STRINGS = NO;
				SWIFT_VERSION = 5.0;
				TARGETED_DEVICE_FAMILY = "1,2";
				TEST_TARGET_NAME = SportsWorld;
			};
			name = Release;
		};
/* End XCBuildConfiguration section */

/* Begin XCConfigurationList section */
		F84828EB2C6AACE400AA8CFB /* Build configuration list for PBXProject "SportsWorld" */ = {
			isa = XCConfigurationList;
			buildConfigurations = (
				F848291B2C6AACE700AA8CFB /* Debug */,
				F848291C2C6AACE700AA8CFB /* Release */,
			);
			defaultConfigurationIsVisible = 0;
			defaultConfigurationName = Release;
		};
		F848291D2C6AACE700AA8CFB /* Build configuration list for PBXNativeTarget "SportsWorld" */ = {
			isa = XCConfigurationList;
			buildConfigurations = (
				F848291E2C6AACE700AA8CFB /* Debug */,
				F848291F2C6AACE700AA8CFB /* Release */,
			);
			defaultConfigurationIsVisible = 0;
			defaultConfigurationName = Release;
		};
		F84829202C6AACE700AA8CFB /* Build configuration list for PBXNativeTarget "SportsWorldTests" */ = {
			isa = XCConfigurationList;
			buildConfigurations = (
				F84829212C6AACE700AA8CFB /* Debug */,
				F84829222C6AACE700AA8CFB /* Release */,
			);
			defaultConfigurationIsVisible = 0;
			defaultConfigurationName = Release;
		};
		F84829232C6AACE700AA8CFB /* Build configuration list for PBXNativeTarget "SportsWorldUITests" */ = {
			isa = XCConfigurationList;
			buildConfigurations = (
				F84829242C6AACE700AA8CFB /* Debug */,
				F84829252C6AACE700AA8CFB /* Release */,
			);
			defaultConfigurationIsVisible = 0;
			defaultConfigurationName = Release;
		};
/* End XCConfigurationList section */

/* Begin XCVersionGroup section */
		F84828FC2C6AACE400AA8CFB /* SportsWorld.xcdatamodeld */ = {
			isa = XCVersionGroup;
			children = (
				F84828FD2C6AACE400AA8CFB /* SportsWorld.xcdatamodel */,
			);
			currentVersion = F84828FD2C6AACE400AA8CFB /* SportsWorld.xcdatamodel */;
			path = SportsWorld.xcdatamodeld;
			sourceTree = "<group>";
			versionGroupType = wrapper.xcdatamodel;
		};
/* End XCVersionGroup section */
	};
	rootObject = F84828E82C6AACE400AA8CFB /* Project object */;
}
